{
    "_readme": [
        "This file locks the dependencies of your project to a known state",
        "Read more about it at http://getcomposer.org/doc/01-basic-usage.md#composer-lock-the-lock-file",
        "This file is @generated automatically"
    ],
    "hash": "e426b6c31c140c5cecaa4a57b344f36a",
    "packages": [
        {
            "name": "kriswallsmith/buzz",
            "version": "v0.13",
            "source": {
                "type": "git",
                "url": "https://github.com/kriswallsmith/Buzz.git",
                "reference": "487760b05d6269a4c2c374364325326cfa65b12c"
            },
            "dist": {
                "type": "zip",
                "url": "https://api.github.com/repos/kriswallsmith/Buzz/zipball/487760b05d6269a4c2c374364325326cfa65b12c",
                "reference": "487760b05d6269a4c2c374364325326cfa65b12c",
                "shasum": ""
            },
            "require": {
                "php": ">=5.3.0"
            },
            "require-dev": {
                "phpunit/phpunit": "3.7.*"
            },
            "suggest": {
                "ext-curl": "*"
            },
            "type": "library",
            "autoload": {
                "psr-0": {
                    "Buzz": "lib/"
                }
            },
            "notification-url": "https://packagist.org/downloads/",
            "license": [
                "MIT"
            ],
            "authors": [
                {
                    "name": "Kris Wallsmith",
                    "email": "kris.wallsmith@gmail.com",
                    "homepage": "http://kriswallsmith.net/"
                }
            ],
            "description": "Lightweight HTTP client",
            "homepage": "https://github.com/kriswallsmith/Buzz",
            "keywords": [
                "curl",
                "http client"
            ],
            "time": "2014-09-15 12:42:36"
        },
        {
            "name": "m4tthumphrey/php-gitlab-api",
            "version": "dev-master",
            "source": {
                "type": "git",
                "url": "https://github.com/m4tthumphrey/php-gitlab-api.git",
                "reference": "dfd5f17de5de216e935afdd6eccd23c5cfaafd5e"
            },
            "dist": {
                "type": "zip",
                "url": "https://api.github.com/repos/m4tthumphrey/php-gitlab-api/zipball/dfd5f17de5de216e935afdd6eccd23c5cfaafd5e",
                "reference": "dfd5f17de5de216e935afdd6eccd23c5cfaafd5e",
                "shasum": ""
            },
            "require": {
                "ext-curl": "*",
                "kriswallsmith/buzz": ">=0.7",
                "php": ">=5.3.2"
            },
            "type": "library",
            "autoload": {
                "psr-0": {
                    "Gitlab\\": "lib/"
                }
            },
            "notification-url": "https://packagist.org/downloads/",
            "license": [
                "MIT"
            ],
            "authors": [
                {
                    "name": "Thibault Duplessis",
                    "email": "thibault.duplessis@gmail.com",
                    "homepage": "http://ornicar.github.com"
                },
                {
                    "name": "KnpLabs Team",
                    "homepage": "http://knplabs.com"
                },
                {
                    "name": "Matt Humphrey",
                    "homepage": "http://m4tt.io"
                }
            ],
            "description": "GitLab API client",
            "homepage": "https://github.com/m4tthumphrey/php-gitlab-api",
            "keywords": [
                "api",
                "gitlab"
            ],
            "time": "2014-11-02 13:44:13"
        }
    ],
    "packages-dev": [],
    "aliases": [],
    "minimum-stability": "stable",
    "stability-flags": {
        "m4tthumphrey/php-gitlab-api": 20
    },
    "prefer-stable": false,
    "platform": [],
    "platform-dev": []
}
